
Microsoft Visual Studio Solution File, Format Version 12.00
# Visual Studio Version 17
VisualStudioVersion = 17.14.36212.18
MinimumVisualStudioVersion = 10.0.40219.1
Project("{2150E333-8FDC-42A3-9474-1A3956D46DE8}") = "Solution Items", "Solution Items", "{02EA681E-C7D8-13C7-8484-4AC65E1B71E8}"
	ProjectSection(SolutionItems) = preProject
		.dockerignore = .dockerignore
		.env = .env
		.gitignore = .gitignore
		docker-compose.yml = docker-compose.yml
		Makefile = Makefile
	EndProjectSection
EndProject
Project("{2150E333-8FDC-42A3-9474-1A3956D46DE8}") = "src", "src", "{23BB9C15-9E10-47CD-901A-BAF350FFD3C6}"
EndProject
Project("{FAE04EC0-301F-11D3-BF4B-00C04F79EFBC}") = "CusomMapOSM_Domain", "CusomMapOSM_Domain\CusomMapOSM_Domain.csproj", "{F054A1A9-7338-7168-A92E-7ED6C5775393}"
EndProject
Project("{FAE04EC0-301F-11D3-BF4B-00C04F79EFBC}") = "CusomMapOSM_Infrastructure", "CusomMapOSM_Infrastructure\CusomMapOSM_Infrastructure.csproj", "{31CA3AB4-7825-4F32-B12A-EB6681C79706}"
EndProject
Project("{FAE04EC0-301F-11D3-BF4B-00C04F79EFBC}") = "CusomMapOSM_Shared", "CusomMapOSM_Commons\CusomMapOSM_Shared.csproj", "{6BC7E44B-6FBE-47C7-A76F-1AB6FC8C363B}"
EndProject
Project("{FAE04EC0-301F-11D3-BF4B-00C04F79EFBC}") = "CusomMapOSM_Application", "CusomMapOSM_Application\CusomMapOSM_Application.csproj", "{45E2808E-0D0B-4709-A9B5-AA1B66F35DED}"
EndProject
Project("{FAE04EC0-301F-11D3-BF4B-00C04F79EFBC}") = "CusomMapOSM_API", "CusomMapOSM_API\CusomMapOSM_API.csproj", "{3B638CC9-C27B-4404-92F2-A0B30AA52BF1}"
EndProject
Project("{2150E333-8FDC-42A3-9474-1A3956D46DE8}") = "QGIS", "QGIS", "{F7C3DBD4-9794-484B-B9B8-35EB339CB95F}"
	ProjectSection(SolutionItems) = preProject
		export_map.py = export_map.py
		..\..\..\Documents\Maps\vietnam_map_project.qgz = ..\..\..\Documents\Maps\vietnam_map_project.qgz
	EndProjectSection
EndProject
Global
	GlobalSection(SolutionConfigurationPlatforms) = preSolution
		Debug|Any CPU = Debug|Any CPU
		Release|Any CPU = Release|Any CPU
	EndGlobalSection
	GlobalSection(ProjectConfigurationPlatforms) = postSolution
		{F054A1A9-7338-7168-A92E-7ED6C5775393}.Debug|Any CPU.ActiveCfg = Debug|Any CPU
		{F054A1A9-7338-7168-A92E-7ED6C5775393}.Debug|Any CPU.Build.0 = Debug|Any CPU
		{F054A1A9-7338-7168-A92E-7ED6C5775393}.Release|Any CPU.ActiveCfg = Release|Any CPU
		{F054A1A9-7338-7168-A92E-7ED6C5775393}.Release|Any CPU.Build.0 = Release|Any CPU
		{31CA3AB4-7825-4F32-B12A-EB6681C79706}.Debug|Any CPU.ActiveCfg = Debug|Any CPU
		{31CA3AB4-7825-4F32-B12A-EB6681C79706}.Debug|Any CPU.Build.0 = Debug|Any CPU
		{31CA3AB4-7825-4F32-B12A-EB6681C79706}.Release|Any CPU.ActiveCfg = Release|Any CPU
		{31CA3AB4-7825-4F32-B12A-EB6681C79706}.Release|Any CPU.Build.0 = Release|Any CPU
		{6BC7E44B-6FBE-47C7-A76F-1AB6FC8C363B}.Debug|Any CPU.ActiveCfg = Debug|Any CPU
		{6BC7E44B-6FBE-47C7-A76F-1AB6FC8C363B}.Debug|Any CPU.Build.0 = Debug|Any CPU
		{6BC7E44B-6FBE-47C7-A76F-1AB6FC8C363B}.Release|Any CPU.ActiveCfg = Release|Any CPU
		{6BC7E44B-6FBE-47C7-A76F-1AB6FC8C363B}.Release|Any CPU.Build.0 = Release|Any CPU
		{45E2808E-0D0B-4709-A9B5-AA1B66F35DED}.Debug|Any CPU.ActiveCfg = Debug|Any CPU
		{45E2808E-0D0B-4709-A9B5-AA1B66F35DED}.Debug|Any CPU.Build.0 = Debug|Any CPU
		{45E2808E-0D0B-4709-A9B5-AA1B66F35DED}.Release|Any CPU.ActiveCfg = Release|Any CPU
		{45E2808E-0D0B-4709-A9B5-AA1B66F35DED}.Release|Any CPU.Build.0 = Release|Any CPU
		{3B638CC9-C27B-4404-92F2-A0B30AA52BF1}.Debug|Any CPU.ActiveCfg = Debug|Any CPU
		{3B638CC9-C27B-4404-92F2-A0B30AA52BF1}.Debug|Any CPU.Build.0 = Debug|Any CPU
		{3B638CC9-C27B-4404-92F2-A0B30AA52BF1}.Release|Any CPU.ActiveCfg = Release|Any CPU
		{3B638CC9-C27B-4404-92F2-A0B30AA52BF1}.Release|Any CPU.Build.0 = Release|Any CPU
	EndGlobalSection
	GlobalSection(SolutionProperties) = preSolution
		HideSolutionNode = FALSE
	EndGlobalSection
	GlobalSection(NestedProjects) = preSolution
		{F054A1A9-7338-7168-A92E-7ED6C5775393} = {23BB9C15-9E10-47CD-901A-BAF350FFD3C6}
		{31CA3AB4-7825-4F32-B12A-EB6681C79706} = {23BB9C15-9E10-47CD-901A-BAF350FFD3C6}
		{6BC7E44B-6FBE-47C7-A76F-1AB6FC8C363B} = {23BB9C15-9E10-47CD-901A-BAF350FFD3C6}
		{45E2808E-0D0B-4709-A9B5-AA1B66F35DED} = {23BB9C15-9E10-47CD-901A-BAF350FFD3C6}
		{3B638CC9-C27B-4404-92F2-A0B30AA52BF1} = {23BB9C15-9E10-47CD-901A-BAF350FFD3C6}
		{F7C3DBD4-9794-484B-B9B8-35EB339CB95F} = {02EA681E-C7D8-13C7-8484-4AC65E1B71E8}
	EndGlobalSection
	GlobalSection(ExtensibilityGlobals) = postSolution
		SolutionGuid = {B08CEEBE-A528-41BD-9DC5-38E6EEF78908}
	EndGlobalSection
EndGlobal
